
Microsoft Visual Studio Solution File, Format Version 12.00
# Visual Studio Version 17
VisualStudioVersion = 17.7.34024.191
MinimumVisualStudioVersion = 10.0.40219.1
Project("{FAE04EC0-301F-11D3-BF4B-00C04F79EFBC}") = "Clase01", "Clase01.csproj", "{7629555E-70B7-4720-B3AA-393433B4ED3D}"
EndProject
Global
	GlobalSection(SolutionConfigurationPlatforms) = preSolution
		Debug|Any CPU = Debug|Any CPU
		Release|Any CPU = Release|Any CPU
	EndGlobalSection
	GlobalSection(ProjectConfigurationPlatforms) = postSolution
		{7629555E-70B7-4720-B3AA-393433B4ED3D}.Debug|Any CPU.ActiveCfg = Debug|Any CPU
		{7629555E-70B7-4720-B3AA-393433B4ED3D}.Debug|Any CPU.Build.0 = Debug|Any CPU
		{7629555E-70B7-4720-B3AA-393433B4ED3D}.Release|Any CPU.ActiveCfg = Release|Any CPU
		{7629555E-70B7-4720-B3AA-393433B4ED3D}.Release|Any CPU.Build.0 = Release|Any CPU
	EndGlobalSection
	GlobalSection(SolutionProperties) = preSolution
		HideSolutionNode = FALSE
	EndGlobalSection
	GlobalSection(ExtensibilityGlobals) = postSolution
		SolutionGuid = {742396C2-82C6-4E34-818F-EA7E537B29DC}
	EndGlobalSection
EndGlobal
